{
  "version": 1,
  "dependencies": {
    "net8.0": {
      "Microsoft.ML.OnnxRuntime": {
        "type": "Direct",
        "requested": "[1.20.1, )",
        "resolved": "1.20.1",
        "contentHash": "NzUD79BC6R7TKROLyB3XCzXTpbNZ1YfOdVbult7hoFvd/xyRecOMiRO5HTzkPXvaFlcvZ91+WNCiroAPzUE7Dw==",
        "dependencies": {
          "Microsoft.ML.OnnxRuntime.Managed": "1.20.1"
        }
      },
      "Microsoft.NET.ILLink.Tasks": {
        "type": "Direct",
        "requested": "[8.0.11, )",
        "resolved": "8.0.11",
        "contentHash": "zk5lnZrYJgtuJG8L4v17Ej8rZ3PUcR2iweNV08BaO5LbYHIi2wNaVNcJoLxvqgQdnjLlKnCCfVGLDr6QHeAarQ=="
      },
      "vforteli.WordPieceTokenizer": {
        "type": "Direct",
        "requested": "[0.1.1, )",
        "resolved": "0.1.1",
        "contentHash": "E3QlwXv1Mk+KOgLr4iEhTnVuOlwQcp9IMwe5N2N3QtphSCZ6WFv7rzjCkP0zQ27bbebO1mzH+A8467z+qfmGrg=="
      },
      "Microsoft.ML.OnnxRuntime.Managed": {
        "type": "Transitive",
        "resolved": "1.20.1",
        "contentHash": "+EVcEcKdq3gkw6iu8TYl2coJxfPnMi1YQc6eZ80BGNlw6mbBCxNGe6h4udDCwENYWsXFvYjoBc6412t40tl4ew==",
        "dependencies": {
          "System.Memory": "4.5.5"
        }
      },
      "System.Memory": {
        "type": "Transitive",
        "resolved": "4.5.5",
        "contentHash": "XIWiDvKPXaTveaB7HVganDlOCRoj03l+jrwNvcge/t8vhGYKvqV+dMv6G4SAX2NoNmN0wZfVPTAlFwZcZvVOUw=="
      }
    },
    "net8.0/osx-arm64": {
      "Microsoft.ML.OnnxRuntime": {
        "type": "Direct",
        "requested": "[1.20.1, )",
        "resolved": "1.20.1",
        "contentHash": "NzUD79BC6R7TKROLyB3XCzXTpbNZ1YfOdVbult7hoFvd/xyRecOMiRO5HTzkPXvaFlcvZ91+WNCiroAPzUE7Dw==",
        "dependencies": {
          "Microsoft.ML.OnnxRuntime.Managed": "1.20.1"
        }
      }
    }
  }
}