{
  "version": 1,
  "dependencies": {
    "net8.0": {
      "Microsoft.ML.OnnxRuntime": {
        "type": "Direct",
        "requested": "[1.16.3, )",
        "resolved": "1.16.3",
        "contentHash": "N/FLnuU8TFxn4DGl7t5Nb2fTo62FtXPbCOPXQHWNWZ/AiUghmV7J6tuGkP89NOOd5Fe4FVmbmXyc8EbiNj2ZCA==",
        "dependencies": {
          "Microsoft.ML.OnnxRuntime.Managed": "1.16.3"
        }
      },
      "Microsoft.ML.OnnxRuntime.Managed": {
        "type": "Transitive",
        "resolved": "1.16.3",
        "contentHash": "w4uDtHgBvOQyJT51SndFZK2UiW7o4ecZOYFtvClJL0AqWXVtFGQBTA77Peb17AS1xMkjYoHV4uVyJRqEZYxZ3w==",
        "dependencies": {
          "System.Memory": "4.5.5"
        }
      },
      "System.Memory": {
        "type": "Transitive",
        "resolved": "4.5.5",
        "contentHash": "XIWiDvKPXaTveaB7HVganDlOCRoj03l+jrwNvcge/t8vhGYKvqV+dMv6G4SAX2NoNmN0wZfVPTAlFwZcZvVOUw=="
      }
    }
  }
}